
Microsoft Visual Studio Solution File, Format Version 12.00
# Visual Studio Version 16
VisualStudioVersion = 16.0.30621.155
MinimumVisualStudioVersion = 10.0.40219.1
Project("{9A19103F-16F7-4668-BE54-9A1E7A4F7556}") = "SpeechConverter.App", "SpeechConverter.App\SpeechConverter.App.csproj", "{DCFF96AA-D47F-46AD-88C3-CEC29A83AE28}"
EndProject
Project("{9A19103F-16F7-4668-BE54-9A1E7A4F7556}") = "SpeechConverter.Tests", "SpeechConverter.Tests\SpeechConverter.Tests.csproj", "{1BAE4CED-6250-44F2-B95B-1E92E6751725}"
EndProject
Global
	GlobalSection(SolutionConfigurationPlatforms) = preSolution
		Debug|Any CPU = Debug|Any CPU
		Debug|x64 = Debug|x64
		Release|Any CPU = Release|Any CPU
		Release|x64 = Release|x64
	EndGlobalSection
	GlobalSection(ProjectConfigurationPlatforms) = postSolution
		{DCFF96AA-D47F-46AD-88C3-CEC29A83AE28}.Debug|Any CPU.ActiveCfg = Debug|Any CPU
		{DCFF96AA-D47F-46AD-88C3-CEC29A83AE28}.Debug|Any CPU.Build.0 = Debug|Any CPU
		{DCFF96AA-D47F-46AD-88C3-CEC29A83AE28}.Debug|x64.ActiveCfg = Debug|x64
		{DCFF96AA-D47F-46AD-88C3-CEC29A83AE28}.Debug|x64.Build.0 = Debug|x64
		{DCFF96AA-D47F-46AD-88C3-CEC29A83AE28}.Release|Any CPU.ActiveCfg = Release|Any CPU
		{DCFF96AA-D47F-46AD-88C3-CEC29A83AE28}.Release|Any CPU.Build.0 = Release|Any CPU
		{DCFF96AA-D47F-46AD-88C3-CEC29A83AE28}.Release|x64.ActiveCfg = Release|x64
		{DCFF96AA-D47F-46AD-88C3-CEC29A83AE28}.Release|x64.Build.0 = Release|x64
		{1BAE4CED-6250-44F2-B95B-1E92E6751725}.Debug|Any CPU.ActiveCfg = Debug|Any CPU
		{1BAE4CED-6250-44F2-B95B-1E92E6751725}.Debug|Any CPU.Build.0 = Debug|Any CPU
		{1BAE4CED-6250-44F2-B95B-1E92E6751725}.Debug|x64.ActiveCfg = Debug|Any CPU
		{1BAE4CED-6250-44F2-B95B-1E92E6751725}.Debug|x64.Build.0 = Debug|Any CPU
		{1BAE4CED-6250-44F2-B95B-1E92E6751725}.Release|Any CPU.ActiveCfg = Release|Any CPU
		{1BAE4CED-6250-44F2-B95B-1E92E6751725}.Release|Any CPU.Build.0 = Release|Any CPU
		{1BAE4CED-6250-44F2-B95B-1E92E6751725}.Release|x64.ActiveCfg = Release|Any CPU
		{1BAE4CED-6250-44F2-B95B-1E92E6751725}.Release|x64.Build.0 = Release|Any CPU
	EndGlobalSection
	GlobalSection(SolutionProperties) = preSolution
		HideSolutionNode = FALSE
	EndGlobalSection
	GlobalSection(ExtensibilityGlobals) = postSolution
		SolutionGuid = {C15B8DC7-4FAD-4ECE-8CD6-DDE4DFC5D048}
	EndGlobalSection
EndGlobal
